// !$*UTF8*$!
{
	archiveVersion = 1;
	classes = {
	};
	objectVersion = 55;
	objects = {

/* Begin PBXBuildFile section */
		5A4C4DE13B371A38868C51BE /* Pods_RxSwift_Task.framework in Frameworks */ = {isa = PBXBuildFile; fileRef = 2515767C99DF2B0E04F91FFB /* Pods_RxSwift_Task.framework */; };
		7281731928B4F013004BAD82 /* SecondViewController.swift in Sources */ = {isa = PBXBuildFile; fileRef = 7281731828B4F013004BAD82 /* SecondViewController.swift */; };
		7281731B28B4FCF4004BAD82 /* Button.swift in Sources */ = {isa = PBXBuildFile; fileRef = 7281731A28B4FCF4004BAD82 /* Button.swift */; };
		B295124528B3BC7300BEDA22 /* AppDelegate.swift in Sources */ = {isa = PBXBuildFile; fileRef = B295124428B3BC7300BEDA22 /* AppDelegate.swift */; };
		B295124728B3BC7300BEDA22 /* SceneDelegate.swift in Sources */ = {isa = PBXBuildFile; fileRef = B295124628B3BC7300BEDA22 /* SceneDelegate.swift */; };
		B295124928B3BC7300BEDA22 /* ViewController.swift in Sources */ = {isa = PBXBuildFile; fileRef = B295124828B3BC7300BEDA22 /* ViewController.swift */; };
		B295124C28B3BC7300BEDA22 /* Main.storyboard in Resources */ = {isa = PBXBuildFile; fileRef = B295124A28B3BC7300BEDA22 /* Main.storyboard */; };
		B295124E28B3BC7700BEDA22 /* Assets.xcassets in Resources */ = {isa = PBXBuildFile; fileRef = B295124D28B3BC7700BEDA22 /* Assets.xcassets */; };
		B295125128B3BC7700BEDA22 /* LaunchScreen.storyboard in Resources */ = {isa = PBXBuildFile; fileRef = B295124F28B3BC7700BEDA22 /* LaunchScreen.storyboard */; };
		B295125928B3C23F00BEDA22 /* View.swift in Sources */ = {isa = PBXBuildFile; fileRef = B295125828B3C23F00BEDA22 /* View.swift */; };
/* End PBXBuildFile section */

/* Begin PBXFileReference section */
		2515767C99DF2B0E04F91FFB /* Pods_RxSwift_Task.framework */ = {isa = PBXFileReference; explicitFileType = wrapper.framework; includeInIndex = 0; path = Pods_RxSwift_Task.framework; sourceTree = BUILT_PRODUCTS_DIR; };
		7281731828B4F013004BAD82 /* SecondViewController.swift */ = {isa = PBXFileReference; lastKnownFileType = sourcecode.swift; path = SecondViewController.swift; sourceTree = "<group>"; };
		7281731A28B4FCF4004BAD82 /* Button.swift */ = {isa = PBXFileReference; lastKnownFileType = sourcecode.swift; path = Button.swift; sourceTree = "<group>"; };
		B163699969FE13817A9EE9A1 /* Pods-RxSwift_Task.debug.xcconfig */ = {isa = PBXFileReference; includeInIndex = 1; lastKnownFileType = text.xcconfig; name = "Pods-RxSwift_Task.debug.xcconfig"; path = "Target Support Files/Pods-RxSwift_Task/Pods-RxSwift_Task.debug.xcconfig"; sourceTree = "<group>"; };
		B295124128B3BC7300BEDA22 /* RxSwift_Task.app */ = {isa = PBXFileReference; explicitFileType = wrapper.application; includeInIndex = 0; path = RxSwift_Task.app; sourceTree = BUILT_PRODUCTS_DIR; };
		B295124428B3BC7300BEDA22 /* AppDelegate.swift */ = {isa = PBXFileReference; lastKnownFileType = sourcecode.swift; path = AppDelegate.swift; sourceTree = "<group>"; };
		B295124628B3BC7300BEDA22 /* SceneDelegate.swift */ = {isa = PBXFileReference; lastKnownFileType = sourcecode.swift; path = SceneDelegate.swift; sourceTree = "<group>"; };
		B295124828B3BC7300BEDA22 /* ViewController.swift */ = {isa = PBXFileReference; lastKnownFileType = sourcecode.swift; path = ViewController.swift; sourceTree = "<group>"; };
		B295124B28B3BC7300BEDA22 /* Base */ = {isa = PBXFileReference; lastKnownFileType = file.storyboard; name = Base; path = Base.lproj/Main.storyboard; sourceTree = "<group>"; };
		B295124D28B3BC7700BEDA22 /* Assets.xcassets */ = {isa = PBXFileReference; lastKnownFileType = folder.assetcatalog; path = Assets.xcassets; sourceTree = "<group>"; };
		B295125028B3BC7700BEDA22 /* Base */ = {isa = PBXFileReference; lastKnownFileType = file.storyboard; name = Base; path = Base.lproj/LaunchScreen.storyboard; sourceTree = "<group>"; };
		B295125228B3BC7700BEDA22 /* Info.plist */ = {isa = PBXFileReference; lastKnownFileType = text.plist.xml; path = Info.plist; sourceTree = "<group>"; };
		B295125828B3C23F00BEDA22 /* View.swift */ = {isa = PBXFileReference; lastKnownFileType = sourcecode.swift; path = View.swift; sourceTree = "<group>"; };
		BD27F3AF245167A19C454D81 /* Pods-RxSwift_Task.release.xcconfig */ = {isa = PBXFileReference; includeInIndex = 1; lastKnownFileType = text.xcconfig; name = "Pods-RxSwift_Task.release.xcconfig"; path = "Target Support Files/Pods-RxSwift_Task/Pods-RxSwift_Task.release.xcconfig"; sourceTree = "<group>"; };
/* End PBXFileReference section */

/* Begin PBXFrameworksBuildPhase section */
		B295123E28B3BC7300BEDA22 /* Frameworks */ = {
			isa = PBXFrameworksBuildPhase;
			buildActionMask = 2147483647;
			files = (
				5A4C4DE13B371A38868C51BE /* Pods_RxSwift_Task.framework in Frameworks */,
			);
			runOnlyForDeploymentPostprocessing = 0;
		};
/* End PBXFrameworksBuildPhase section */

/* Begin PBXGroup section */
		3D13E0B0E7E74CEB0CDAB7AB /* Frameworks */ = {
			isa = PBXGroup;
			children = (
				2515767C99DF2B0E04F91FFB /* Pods_RxSwift_Task.framework */,
			);
			name = Frameworks;
			sourceTree = "<group>";
		};
		B295123828B3BC7300BEDA22 = {
			isa = PBXGroup;
			children = (
				B295124328B3BC7300BEDA22 /* RxSwift_Task */,
				B295124228B3BC7300BEDA22 /* Products */,
				B79AA405F7607F7FEDF70F82 /* Pods */,
				3D13E0B0E7E74CEB0CDAB7AB /* Frameworks */,
			);
			sourceTree = "<group>";
		};
		B295124228B3BC7300BEDA22 /* Products */ = {
			isa = PBXGroup;
			children = (
				B295124128B3BC7300BEDA22 /* RxSwift_Task.app */,
			);
			name = Products;
			sourceTree = "<group>";
		};
		B295124328B3BC7300BEDA22 /* RxSwift_Task */ = {
			isa = PBXGroup;
			children = (
				B295124428B3BC7300BEDA22 /* AppDelegate.swift */,
				B295124628B3BC7300BEDA22 /* SceneDelegate.swift */,
				B295124828B3BC7300BEDA22 /* ViewController.swift */,
				B295125828B3C23F00BEDA22 /* View.swift */,
				7281731A28B4FCF4004BAD82 /* Button.swift */,
				7281731828B4F013004BAD82 /* SecondViewController.swift */,
				B295124A28B3BC7300BEDA22 /* Main.storyboard */,
				B295124D28B3BC7700BEDA22 /* Assets.xcassets */,
				B295124F28B3BC7700BEDA22 /* LaunchScreen.storyboard */,
				B295125228B3BC7700BEDA22 /* Info.plist */,
			);
			path = RxSwift_Task;
			sourceTree = "<group>";
		};
		B79AA405F7607F7FEDF70F82 /* Pods */ = {
			isa = PBXGroup;
			children = (
				B163699969FE13817A9EE9A1 /* Pods-RxSwift_Task.debug.xcconfig */,
				BD27F3AF245167A19C454D81 /* Pods-RxSwift_Task.release.xcconfig */,
			);
			path = Pods;
			sourceTree = "<group>";
		};
/* End PBXGroup section */

/* Begin PBXNativeTarget section */
		B295124028B3BC7300BEDA22 /* RxSwift_Task */ = {
			isa = PBXNativeTarget;
			buildConfigurationList = B295125528B3BC7700BEDA22 /* Build configuration list for PBXNativeTarget "RxSwift_Task" */;
			buildPhases = (
				6A9E43B3E1ABF05E5EA3B881 /* [CP] Check Pods Manifest.lock */,
				B295123D28B3BC7300BEDA22 /* Sources */,
				B295123E28B3BC7300BEDA22 /* Frameworks */,
				B295123F28B3BC7300BEDA22 /* Resources */,
				E3018A4E510D710A20DF0297 /* [CP] Embed Pods Frameworks */,
			);
			buildRules = (
			);
			dependencies = (
			);
			name = RxSwift_Task;
			productName = RxSwift_Task;
			productReference = B295124128B3BC7300BEDA22 /* RxSwift_Task.app */;
			productType = "com.apple.product-type.application";
		};
/* End PBXNativeTarget section */

/* Begin PBXProject section */
		B295123928B3BC7300BEDA22 /* Project object */ = {
			isa = PBXProject;
			attributes = {
				BuildIndependentTargetsInParallel = 1;
				LastSwiftUpdateCheck = 1340;
				LastUpgradeCheck = 1340;
				TargetAttributes = {
					B295124028B3BC7300BEDA22 = {
						CreatedOnToolsVersion = 13.4.1;
					};
				};
			};
			buildConfigurationList = B295123C28B3BC7300BEDA22 /* Build configuration list for PBXProject "RxSwift_Task" */;
			compatibilityVersion = "Xcode 13.0";
			developmentRegion = en;
			hasScannedForEncodings = 0;
			knownRegions = (
				en,
				Base,
			);
			mainGroup = B295123828B3BC7300BEDA22;
			productRefGroup = B295124228B3BC7300BEDA22 /* Products */;
			projectDirPath = "";
			projectRoot = "";
			targets = (
				B295124028B3BC7300BEDA22 /* RxSwift_Task */,
			);
		};
/* End PBXProject section */

/* Begin PBXResourcesBuildPhase section */
		B295123F28B3BC7300BEDA22 /* Resources */ = {
			isa = PBXResourcesBuildPhase;
			buildActionMask = 2147483647;
			files = (
				B295125128B3BC7700BEDA22 /* LaunchScreen.storyboard in Resources */,
				B295124E28B3BC7700BEDA22 /* Assets.xcassets in Resources */,
				B295124C28B3BC7300BEDA22 /* Main.storyboard in Resources */,
			);
			runOnlyForDeploymentPostprocessing = 0;
		};
/* End PBXResourcesBuildPhase section */

/* Begin PBXShellScriptBuildPhase section */
		6A9E43B3E1ABF05E5EA3B881 /* [CP] Check Pods Manifest.lock */ = {
			isa = PBXShellScriptBuildPhase;
			buildActionMask = 2147483647;
			files = (
			);
			inputFileListPaths = (
			);
			inputPaths = (
				"${PODS_PODFILE_DIR_PATH}/Podfile.lock",
				"${PODS_ROOT}/Manifest.lock",
			);
			name = "[CP] Check Pods Manifest.lock";
			outputFileListPaths = (
			);
			outputPaths = (
				"$(DERIVED_FILE_DIR)/Pods-RxSwift_Task-checkManifestLockResult.txt",
			);
			runOnlyForDeploymentPostprocessing = 0;
			shellPath = /bin/sh;
			shellScript = "diff \"${PODS_PODFILE_DIR_PATH}/Podfile.lock\" \"${PODS_ROOT}/Manifest.lock\" > /dev/null\nif [ $? != 0 ] ; then\n    # print error to STDERR\n    echo \"error: The sandbox is not in sync with the Podfile.lock. Run 'pod install' or update your CocoaPods installation.\" >&2\n    exit 1\nfi\n# This output is used by Xcode 'outputs' to avoid re-running this script phase.\necho \"SUCCESS\" > \"${SCRIPT_OUTPUT_FILE_0}\"\n";
			showEnvVarsInLog = 0;
		};
		E3018A4E510D710A20DF0297 /* [CP] Embed Pods Frameworks */ = {
			isa = PBXShellScriptBuildPhase;
			buildActionMask = 2147483647;
			files = (
			);
			inputFileListPaths = (
				"${PODS_ROOT}/Target Support Files/Pods-RxSwift_Task/Pods-RxSwift_Task-frameworks-${CONFIGURATION}-input-files.xcfilelist",
			);
			name = "[CP] Embed Pods Frameworks";
			outputFileListPaths = (
				"${PODS_ROOT}/Target Support Files/Pods-RxSwift_Task/Pods-RxSwift_Task-frameworks-${CONFIGURATION}-output-files.xcfilelist",
			);
			runOnlyForDeploymentPostprocessing = 0;
			shellPath = /bin/sh;
			shellScript = "\"${PODS_ROOT}/Target Support Files/Pods-RxSwift_Task/Pods-RxSwift_Task-frameworks.sh\"\n";
			showEnvVarsInLog = 0;
		};
/* End PBXShellScriptBuildPhase section */

/* Begin PBXSourcesBuildPhase section */
		B295123D28B3BC7300BEDA22 /* Sources */ = {
			isa = PBXSourcesBuildPhase;
			buildActionMask = 2147483647;
			files = (
				B295125928B3C23F00BEDA22 /* View.swift in Sources */,
				7281731B28B4FCF4004BAD82 /* Button.swift in Sources */,
				B295124928B3BC7300BEDA22 /* ViewController.swift in Sources */,
				B295124528B3BC7300BEDA22 /* AppDelegate.swift in Sources */,
				7281731928B4F013004BAD82 /* SecondViewController.swift in Sources */,
				B295124728B3BC7300BEDA22 /* SceneDelegate.swift in Sources */,
			);
			runOnlyForDeploymentPostprocessing = 0;
		};
/* End PBXSourcesBuildPhase section */

/* Begin PBXVariantGroup section */
		B295124A28B3BC7300BEDA22 /* Main.storyboard */ = {
			isa = PBXVariantGroup;
			children = (
				B295124B28B3BC7300BEDA22 /* Base */,
			);
			name = Main.storyboard;
			sourceTree = "<group>";
		};
		B295124F28B3BC7700BEDA22 /* LaunchScreen.storyboard */ = {
			isa = PBXVariantGroup;
			children = (
				B295125028B3BC7700BEDA22 /* Base */,
			);
			name = LaunchScreen.storyboard;
			sourceTree = "<group>";
		};
/* End PBXVariantGroup section */

/* Begin XCBuildConfiguration section */
		B295125328B3BC7700BEDA22 /* Debug */ = {
			isa = XCBuildConfiguration;
			buildSettings = {
				ALWAYS_SEARCH_USER_PATHS = NO;
				CLANG_ANALYZER_NONNULL = YES;
				CLANG_ANALYZER_NUMBER_OBJECT_CONVERSION = YES_AGGRESSIVE;
				CLANG_CXX_LANGUAGE_STANDARD = "gnu++17";
				CLANG_ENABLE_MODULES = YES;
				CLANG_ENABLE_OBJC_ARC = YES;
				CLANG_ENABLE_OBJC_WEAK = YES;
				CLANG_WARN_BLOCK_CAPTURE_AUTORELEASING = YES;
				CLANG_WARN_BOOL_CONVERSION = YES;
				CLANG_WARN_COMMA = YES;
				CLANG_WARN_CONSTANT_CONVERSION = YES;
				CLANG_WARN_DEPRECATED_OBJC_IMPLEMENTATIONS = YES;
				CLANG_WARN_DIRECT_OBJC_ISA_USAGE = YES_ERROR;
				CLANG_WARN_DOCUMENTATION_COMMENTS = YES;
				CLANG_WARN_EMPTY_BODY = YES;
				CLANG_WARN_ENUM_CONVERSION = YES;
				CLANG_WARN_INFINITE_RECURSION = YES;
				CLANG_WARN_INT_CONVERSION = YES;
				CLANG_WARN_NON_LITERAL_NULL_CONVERSION = YES;
				CLANG_WARN_OBJC_IMPLICIT_RETAIN_SELF = YES;
				CLANG_WARN_OBJC_LITERAL_CONVERSION = YES;
				CLANG_WARN_OBJC_ROOT_CLASS = YES_ERROR;
				CLANG_WARN_QUOTED_INCLUDE_IN_FRAMEWORK_HEADER = YES;
				CLANG_WARN_RANGE_LOOP_ANALYSIS = YES;
				CLANG_WARN_STRICT_PROTOTYPES = YES;
				CLANG_WARN_SUSPICIOUS_MOVE = YES;
				CLANG_WARN_UNGUARDED_AVAILABILITY = YES_AGGRESSIVE;
				CLANG_WARN_UNREACHABLE_CODE = YES;
				CLANG_WARN__DUPLICATE_METHOD_MATCH = YES;
				COPY_PHASE_STRIP = NO;
				DEBUG_INFORMATION_FORMAT = dwarf;
				ENABLE_STRICT_OBJC_MSGSEND = YES;
				ENABLE_TESTABILITY = YES;
				GCC_C_LANGUAGE_STANDARD = gnu11;
				GCC_DYNAMIC_NO_PIC = NO;
				GCC_NO_COMMON_BLOCKS = YES;
				GCC_OPTIMIZATION_LEVEL = 0;
				GCC_PREPROCESSOR_DEFINITIONS = (
					"DEBUG=1",
					"$(inherited)",
				);
				GCC_WARN_64_TO_32_BIT_CONVERSION = YES;
				GCC_WARN_ABOUT_RETURN_TYPE = YES_ERROR;
				GCC_WARN_UNDECLARED_SELECTOR = YES;
				GCC_WARN_UNINITIALIZED_AUTOS = YES_AGGRESSIVE;
				GCC_WARN_UNUSED_FUNCTION = YES;
				GCC_WARN_UNUSED_VARIABLE = YES;
				IPHONEOS_DEPLOYMENT_TARGET = 15.5;
				MTL_ENABLE_DEBUG_INFO = INCLUDE_SOURCE;
				MTL_FAST_MATH = YES;
				ONLY_ACTIVE_ARCH = YES;
				SDKROOT = iphoneos;
				SWIFT_ACTIVE_COMPILATION_CONDITIONS = DEBUG;
				SWIFT_OPTIMIZATION_LEVEL = "-Onone";
			};
			name = Debug;
		};
		B295125428B3BC7700BEDA22 /* Release */ = {
			isa = XCBuildConfiguration;
			buildSettings = {
				ALWAYS_SEARCH_USER_PATHS = NO;
				CLANG_ANALYZER_NONNULL = YES;
				CLANG_ANALYZER_NUMBER_OBJECT_CONVERSION = YES_AGGRESSIVE;
				CLANG_CXX_LANGUAGE_STANDARD = "gnu++17";
				CLANG_ENABLE_MODULES = YES;
				CLANG_ENABLE_OBJC_ARC = YES;
				CLANG_ENABLE_OBJC_WEAK = YES;
				CLANG_WARN_BLOCK_CAPTURE_AUTORELEASING = YES;
				CLANG_WARN_BOOL_CONVERSION = YES;
				CLANG_WARN_COMMA = YES;
				CLANG_WARN_CONSTANT_CONVERSION = YES;
				CLANG_WARN_DEPRECATED_OBJC_IMPLEMENTATIONS = YES;
				CLANG_WARN_DIRECT_OBJC_ISA_USAGE = YES_ERROR;
				CLANG_WARN_DOCUMENTATION_COMMENTS = YES;
				CLANG_WARN_EMPTY_BODY = YES;
				CLANG_WARN_ENUM_CONVERSION = YES;
				CLANG_WARN_INFINITE_RECURSION = YES;
				CLANG_WARN_INT_CONVERSION = YES;
				CLANG_WARN_NON_LITERAL_NULL_CONVERSION = YES;
				CLANG_WARN_OBJC_IMPLICIT_RETAIN_SELF = YES;
				CLANG_WARN_OBJC_LITERAL_CONVERSION = YES;
				CLANG_WARN_OBJC_ROOT_CLASS = YES_ERROR;
				CLANG_WARN_QUOTED_INCLUDE_IN_FRAMEWORK_HEADER = YES;
				CLANG_WARN_RANGE_LOOP_ANALYSIS = YES;
				CLANG_WARN_STRICT_PROTOTYPES = YES;
				CLANG_WARN_SUSPICIOUS_MOVE = YES;
				CLANG_WARN_UNGUARDED_AVAILABILITY = YES_AGGRESSIVE;
				CLANG_WARN_UNREACHABLE_CODE = YES;
				CLANG_WARN__DUPLICATE_METHOD_MATCH = YES;
				COPY_PHASE_STRIP = NO;
				DEBUG_INFORMATION_FORMAT = "dwarf-with-dsym";
				ENABLE_NS_ASSERTIONS = NO;
				ENABLE_STRICT_OBJC_MSGSEND = YES;
				GCC_C_LANGUAGE_STANDARD = gnu11;
				GCC_NO_COMMON_BLOCKS = YES;
				GCC_WARN_64_TO_32_BIT_CONVERSION = YES;
				GCC_WARN_ABOUT_RETURN_TYPE = YES_ERROR;
				GCC_WARN_UNDECLARED_SELECTOR = YES;
				GCC_WARN_UNINITIALIZED_AUTOS = YES_AGGRESSIVE;
				GCC_WARN_UNUSED_FUNCTION = YES;
				GCC_WARN_UNUSED_VARIABLE = YES;
				IPHONEOS_DEPLOYMENT_TARGET = 15.5;
				MTL_ENABLE_DEBUG_INFO = NO;
				MTL_FAST_MATH = YES;
				SDKROOT = iphoneos;
				SWIFT_COMPILATION_MODE = wholemodule;
				SWIFT_OPTIMIZATION_LEVEL = "-O";
				VALIDATE_PRODUCT = YES;
			};
			name = Release;
		};
		B295125628B3BC7700BEDA22 /* Debug */ = {
			isa = XCBuildConfiguration;
			baseConfigurationReference = B163699969FE13817A9EE9A1 /* Pods-RxSwift_Task.debug.xcconfig */;
			buildSettings = {
				ASSETCATALOG_COMPILER_APPICON_NAME = AppIcon;
				ASSETCATALOG_COMPILER_GLOBAL_ACCENT_COLOR_NAME = AccentColor;
				CODE_SIGN_STYLE = Automatic;
				CURRENT_PROJECT_VERSION = 1;
				GENERATE_INFOPLIST_FILE = YES;
				INFOPLIST_FILE = RxSwift_Task/Info.plist;
				INFOPLIST_KEY_UIApplicationSupportsIndirectInputEvents = YES;
				INFOPLIST_KEY_UILaunchStoryboardName = LaunchScreen;
				INFOPLIST_KEY_UIMainStoryboardFile = Main;
				INFOPLIST_KEY_UISupportedInterfaceOrientations_iPad = "UIInterfaceOrientationPortrait UIInterfaceOrientationPortraitUpsideDown UIInterfaceOrientationLandscapeLeft UIInterfaceOrientationLandscapeRight";
				INFOPLIST_KEY_UISupportedInterfaceOrientations_iPhone = "UIInterfaceOrientationPortrait UIInterfaceOrientationLandscapeLeft UIInterfaceOrientationLandscapeRight";
				LD_RUNPATH_SEARCH_PATHS = (
					"$(inherited)",
					"@executable_path/Frameworks",
				);
				MARKETING_VERSION = 1.0;
				PRODUCT_BUNDLE_IDENTIFIER = "com.gmail.smabdirov99.RxSwift-Task";
				PRODUCT_NAME = "$(TARGET_NAME)";
				SWIFT_EMIT_LOC_STRINGS = YES;
				SWIFT_VERSION = 5.0;
				TARGETED_DEVICE_FAMILY = "1,2";
			};
			name = Debug;
		};
		B295125728B3BC7700BEDA22 /* Release */ = {
			isa = XCBuildConfiguration;
			baseConfigurationReference = BD27F3AF245167A19C454D81 /* Pods-RxSwift_Task.release.xcconfig */;
			buildSettings = {
				ASSETCATALOG_COMPILER_APPICON_NAME = AppIcon;
				ASSETCATALOG_COMPILER_GLOBAL_ACCENT_COLOR_NAME = AccentColor;
				CODE_SIGN_STYLE = Automatic;
				CURRENT_PROJECT_VERSION = 1;
				GENERATE_INFOPLIST_FILE = YES;
				INFOPLIST_FILE = RxSwift_Task/Info.plist;
				INFOPLIST_KEY_UIApplicationSupportsIndirectInputEvents = YES;
				INFOPLIST_KEY_UILaunchStoryboardName = LaunchScreen;
				INFOPLIST_KEY_UIMainStoryboardFile = Main;
				INFOPLIST_KEY_UISupportedInterfaceOrientations_iPad = "UIInterfaceOrientationPortrait UIInterfaceOrientationPortraitUpsideDown UIInterfaceOrientationLandscapeLeft UIInterfaceOrientationLandscapeRight";
				INFOPLIST_KEY_UISupportedInterfaceOrientations_iPhone = "UIInterfaceOrientationPortrait UIInterfaceOrientationLandscapeLeft UIInterfaceOrientationLandscapeRight";
				LD_RUNPATH_SEARCH_PATHS = (
					"$(inherited)",
					"@executable_path/Frameworks",
				);
				MARKETING_VERSION = 1.0;
				PRODUCT_BUNDLE_IDENTIFIER = "com.gmail.smabdirov99.RxSwift-Task";
				PRODUCT_NAME = "$(TARGET_NAME)";
				SWIFT_EMIT_LOC_STRINGS = YES;
				SWIFT_VERSION = 5.0;
				TARGETED_DEVICE_FAMILY = "1,2";
			};
			name = Release;
		};
/* End XCBuildConfiguration section */

/* Begin XCConfigurationList section */
		B295123C28B3BC7300BEDA22 /* Build configuration list for PBXProject "RxSwift_Task" */ = {
			isa = XCConfigurationList;
			buildConfigurations = (
				B295125328B3BC7700BEDA22 /* Debug */,
				B295125428B3BC7700BEDA22 /* Release */,
			);
			defaultConfigurationIsVisible = 0;
			defaultConfigurationName = Release;
		};
		B295125528B3BC7700BEDA22 /* Build configuration list for PBXNativeTarget "RxSwift_Task" */ = {
			isa = XCConfigurationList;
			buildConfigurations = (
				B295125628B3BC7700BEDA22 /* Debug */,
				B295125728B3BC7700BEDA22 /* Release */,
			);
			defaultConfigurationIsVisible = 0;
			defaultConfigurationName = Release;
		};
/* End XCConfigurationList section */
	};
	rootObject = B295123928B3BC7300BEDA22 /* Project object */;
}
